
Microsoft Visual Studio Solution File, Format Version 12.00
# Visual Studio Version 17
VisualStudioVersion = 17.6.33513.286
MinimumVisualStudioVersion = 10.0.40219.1
Project("{9A19103F-16F7-4668-BE54-9A1E7A4F7556}") = "BlazorInputTags", "BlazorInputTags\BlazorInputTags.csproj", "{3AFAD50D-4D20-4377-9692-4A937D3427F2}"
EndProject
Project("{2150E333-8FDC-42A3-9474-1A3956D46DE8}") = "Demos", "Demos", "{4D8125D8-CF29-4FBA-9803-7062252C63A8}"
EndProject
Project("{9A19103F-16F7-4668-BE54-9A1E7A4F7556}") = "BlazorServerDemo", "BlazorServerDemo\BlazorServerDemo.csproj", "{80F36897-7780-4D25-A759-0EA1C972359D}"
EndProject
Project("{2150E333-8FDC-42A3-9474-1A3956D46DE8}") = "Projektmappenelemente", "Projektmappenelemente", "{B401F1CA-EB1B-4ADD-88A2-C80955D857B2}"
	ProjectSection(SolutionItems) = preProject
		LICENSE.MD = LICENSE.MD
		README.MD = README.MD
	EndProjectSection
EndProject
Project("{9A19103F-16F7-4668-BE54-9A1E7A4F7556}") = "BlazorWebAssemblyDemo", "BlazorWebAssemblyDemo\BlazorWebAssemblyDemo.csproj", "{503C1D86-486D-4871-B458-CE6F5C2CF754}"
EndProject
Global
	GlobalSection(SolutionConfigurationPlatforms) = preSolution
		Debug|Any CPU = Debug|Any CPU
		Release|Any CPU = Release|Any CPU
	EndGlobalSection
	GlobalSection(ProjectConfigurationPlatforms) = postSolution
		{3AFAD50D-4D20-4377-9692-4A937D3427F2}.Debug|Any CPU.ActiveCfg = Debug|Any CPU
		{3AFAD50D-4D20-4377-9692-4A937D3427F2}.Debug|Any CPU.Build.0 = Debug|Any CPU
		{3AFAD50D-4D20-4377-9692-4A937D3427F2}.Release|Any CPU.ActiveCfg = Release|Any CPU
		{3AFAD50D-4D20-4377-9692-4A937D3427F2}.Release|Any CPU.Build.0 = Release|Any CPU
		{80F36897-7780-4D25-A759-0EA1C972359D}.Debug|Any CPU.ActiveCfg = Debug|Any CPU
		{80F36897-7780-4D25-A759-0EA1C972359D}.Debug|Any CPU.Build.0 = Debug|Any CPU
		{80F36897-7780-4D25-A759-0EA1C972359D}.Release|Any CPU.ActiveCfg = Release|Any CPU
		{80F36897-7780-4D25-A759-0EA1C972359D}.Release|Any CPU.Build.0 = Release|Any CPU
		{503C1D86-486D-4871-B458-CE6F5C2CF754}.Debug|Any CPU.ActiveCfg = Debug|Any CPU
		{503C1D86-486D-4871-B458-CE6F5C2CF754}.Debug|Any CPU.Build.0 = Debug|Any CPU
		{503C1D86-486D-4871-B458-CE6F5C2CF754}.Release|Any CPU.ActiveCfg = Release|Any CPU
		{503C1D86-486D-4871-B458-CE6F5C2CF754}.Release|Any CPU.Build.0 = Release|Any CPU
	EndGlobalSection
	GlobalSection(SolutionProperties) = preSolution
		HideSolutionNode = FALSE
	EndGlobalSection
	GlobalSection(NestedProjects) = preSolution
		{80F36897-7780-4D25-A759-0EA1C972359D} = {4D8125D8-CF29-4FBA-9803-7062252C63A8}
		{503C1D86-486D-4871-B458-CE6F5C2CF754} = {4D8125D8-CF29-4FBA-9803-7062252C63A8}
	EndGlobalSection
	GlobalSection(ExtensibilityGlobals) = postSolution
		SolutionGuid = {952833F5-9BE6-48B7-B962-6F80FD542942}
	EndGlobalSection
EndGlobal
